
Microsoft Visual Studio Solution File, Format Version 12.00
# Visual Studio Version 17
VisualStudioVersion = 17.12.35514.174
MinimumVisualStudioVersion = 10.0.40219.1
Project("{2150E333-8FDC-42A3-9474-1A3956D46DE8}") = "Services", "Services", "{7C217067-4604-4788-AF35-F126007D3812}"
EndProject
Project("{2150E333-8FDC-42A3-9474-1A3956D46DE8}") = "Catalog", "Catalog", "{AA22DE18-E70B-427D-BC79-AD816E2D1514}"
EndProject
Project("{FAE04EC0-301F-11D3-BF4B-00C04F79EFBC}") = "Catalog.API", "Services\Catalog\Catalog.API\Catalog.API.csproj", "{0F12117C-FE2F-4207-A520-694BC53E34D3}"
EndProject
Project("{2150E333-8FDC-42A3-9474-1A3956D46DE8}") = "BuildingBlocks", "BuildingBlocks", "{640ACD07-2324-431D-AF59-F34A90FB8301}"
EndProject
Project("{FAE04EC0-301F-11D3-BF4B-00C04F79EFBC}") = "BuildingBlocks", "BuildingBlocks\BuildingBlocks\BuildingBlocks.csproj", "{12337C76-6BD5-4523-83BE-8B3268BC11D5}"
EndProject
Project("{E53339B2-1760-4266-BCC7-CA923CBCF16C}") = "docker-compose", "docker-compose.dcproj", "{CF0494D3-0ACB-4027-8D88-06F12E2ED430}"
EndProject
Project("{2150E333-8FDC-42A3-9474-1A3956D46DE8}") = "Basket", "Basket", "{0B832A18-9420-447E-9226-FC31CD0205C4}"
EndProject
Project("{FAE04EC0-301F-11D3-BF4B-00C04F79EFBC}") = "Basket.API", "Services\Basket\Basket.API\Basket.API.csproj", "{C73C64CC-2C96-41D8-AE8C-A3438A152F6E}"
EndProject
Global
	GlobalSection(SolutionConfigurationPlatforms) = preSolution
		Debug|Any CPU = Debug|Any CPU
		Release|Any CPU = Release|Any CPU
	EndGlobalSection
	GlobalSection(ProjectConfigurationPlatforms) = postSolution
		{0F12117C-FE2F-4207-A520-694BC53E34D3}.Debug|Any CPU.ActiveCfg = Debug|Any CPU
		{0F12117C-FE2F-4207-A520-694BC53E34D3}.Debug|Any CPU.Build.0 = Debug|Any CPU
		{0F12117C-FE2F-4207-A520-694BC53E34D3}.Release|Any CPU.ActiveCfg = Release|Any CPU
		{0F12117C-FE2F-4207-A520-694BC53E34D3}.Release|Any CPU.Build.0 = Release|Any CPU
		{12337C76-6BD5-4523-83BE-8B3268BC11D5}.Debug|Any CPU.ActiveCfg = Debug|Any CPU
		{12337C76-6BD5-4523-83BE-8B3268BC11D5}.Debug|Any CPU.Build.0 = Debug|Any CPU
		{12337C76-6BD5-4523-83BE-8B3268BC11D5}.Release|Any CPU.ActiveCfg = Release|Any CPU
		{12337C76-6BD5-4523-83BE-8B3268BC11D5}.Release|Any CPU.Build.0 = Release|Any CPU
		{CF0494D3-0ACB-4027-8D88-06F12E2ED430}.Debug|Any CPU.ActiveCfg = Debug|Any CPU
		{CF0494D3-0ACB-4027-8D88-06F12E2ED430}.Debug|Any CPU.Build.0 = Debug|Any CPU
		{CF0494D3-0ACB-4027-8D88-06F12E2ED430}.Release|Any CPU.ActiveCfg = Release|Any CPU
		{CF0494D3-0ACB-4027-8D88-06F12E2ED430}.Release|Any CPU.Build.0 = Release|Any CPU
		{C73C64CC-2C96-41D8-AE8C-A3438A152F6E}.Debug|Any CPU.ActiveCfg = Debug|Any CPU
		{C73C64CC-2C96-41D8-AE8C-A3438A152F6E}.Debug|Any CPU.Build.0 = Debug|Any CPU
		{C73C64CC-2C96-41D8-AE8C-A3438A152F6E}.Release|Any CPU.ActiveCfg = Release|Any CPU
		{C73C64CC-2C96-41D8-AE8C-A3438A152F6E}.Release|Any CPU.Build.0 = Release|Any CPU
	EndGlobalSection
	GlobalSection(SolutionProperties) = preSolution
		HideSolutionNode = FALSE
	EndGlobalSection
	GlobalSection(NestedProjects) = preSolution
		{AA22DE18-E70B-427D-BC79-AD816E2D1514} = {7C217067-4604-4788-AF35-F126007D3812}
		{0F12117C-FE2F-4207-A520-694BC53E34D3} = {AA22DE18-E70B-427D-BC79-AD816E2D1514}
		{12337C76-6BD5-4523-83BE-8B3268BC11D5} = {640ACD07-2324-431D-AF59-F34A90FB8301}
		{0B832A18-9420-447E-9226-FC31CD0205C4} = {7C217067-4604-4788-AF35-F126007D3812}
		{C73C64CC-2C96-41D8-AE8C-A3438A152F6E} = {0B832A18-9420-447E-9226-FC31CD0205C4}
	EndGlobalSection
EndGlobal
