
Microsoft Visual Studio Solution File, Format Version 12.00
# Visual Studio Version 17
VisualStudioVersion = 17.12.35514.174
MinimumVisualStudioVersion = 10.0.40219.1
Project("{2150E333-8FDC-42A3-9474-1A3956D46DE8}") = "Services", "Services", "{7C217067-4604-4788-AF35-F126007D3812}"
EndProject
Project("{2150E333-8FDC-42A3-9474-1A3956D46DE8}") = "Catalog", "Catalog", "{AA22DE18-E70B-427D-BC79-AD816E2D1514}"
EndProject
Project("{FAE04EC0-301F-11D3-BF4B-00C04F79EFBC}") = "Catalog.API", "Services\Catalog\Catalog.API\Catalog.API.csproj", "{0F12117C-FE2F-4207-A520-694BC53E34D3}"
EndProject
Project("{2150E333-8FDC-42A3-9474-1A3956D46DE8}") = "BuildingBlocks", "BuildingBlocks", "{640ACD07-2324-431D-AF59-F34A90FB8301}"
EndProject
Project("{FAE04EC0-301F-11D3-BF4B-00C04F79EFBC}") = "BuildingBlocks", "BuildingBlocks\BuildingBlocks\BuildingBlocks.csproj", "{12337C76-6BD5-4523-83BE-8B3268BC11D5}"
EndProject
Project("{E53339B2-1760-4266-BCC7-CA923CBCF16C}") = "docker-compose", "docker-compose.dcproj", "{CF0494D3-0ACB-4027-8D88-06F12E2ED430}"
EndProject
Project("{2150E333-8FDC-42A3-9474-1A3956D46DE8}") = "Basket", "Basket", "{0B832A18-9420-447E-9226-FC31CD0205C4}"
EndProject
Project("{FAE04EC0-301F-11D3-BF4B-00C04F79EFBC}") = "Basket.API", "Services\Basket\Basket.API\Basket.API.csproj", "{C73C64CC-2C96-41D8-AE8C-A3438A152F6E}"
EndProject
Project("{2150E333-8FDC-42A3-9474-1A3956D46DE8}") = "Discount", "Discount", "{25E9FF37-70AE-473B-80D5-1F2C856EBD0A}"
EndProject
Project("{FAE04EC0-301F-11D3-BF4B-00C04F79EFBC}") = "Discount.Grpc", "Services\Discount\Discount.Grpc\Discount.Grpc.csproj", "{6D1AED97-0799-4BFD-AEA5-46F62ECBF2E9}"
EndProject
Project("{2150E333-8FDC-42A3-9474-1A3956D46DE8}") = "Ordering", "Ordering", "{B9F88793-78E2-4289-B330-0F9AFB2CC8DB}"
EndProject
Project("{FAE04EC0-301F-11D3-BF4B-00C04F79EFBC}") = "Ordering.API", "Services\Ordering\Ordering.API\Ordering.API.csproj", "{ADB076C9-17DD-4D64-A772-78DCACF6D623}"
EndProject
Project("{FAE04EC0-301F-11D3-BF4B-00C04F79EFBC}") = "Ordering.Domain", "Services\Ordering\Ordering.Domain\Ordering.Domain.csproj", "{65AA89DA-BC21-4375-9F8E-EEE9C9E48CD4}"
EndProject
Project("{FAE04EC0-301F-11D3-BF4B-00C04F79EFBC}") = "Ordering.Application", "Services\Ordering\Ordering.Application\Ordering.Application.csproj", "{B9A76C37-ECA0-44C3-8B6B-F8A606826F5A}"
EndProject
Project("{FAE04EC0-301F-11D3-BF4B-00C04F79EFBC}") = "Ordering.Infrastructure", "Services\Ordering\Ordering.Infrastructure\Ordering.Infrastructure.csproj", "{BCE0C0D4-94B1-4F80-9246-E1F74566F1DC}"
EndProject
Project("{FAE04EC0-301F-11D3-BF4B-00C04F79EFBC}") = "BuildingBlocks.Messaging", "BuildingBlocks\BuildingBlocks.Messaging\BuildingBlocks.Messaging.csproj", "{4533E3D2-84F5-4A17-B639-580DD0D98C4F}"
EndProject
Project("{2150E333-8FDC-42A3-9474-1A3956D46DE8}") = "ApiGateways", "ApiGateways", "{CCFAF884-61BA-4D29-A856-014F8B2C9552}"
EndProject
Project("{FAE04EC0-301F-11D3-BF4B-00C04F79EFBC}") = "YarpApiGateway", "ApiGateways\YarpApiGateway\YarpApiGateway.csproj", "{45C0CDB5-9DE8-4060-B3C9-C3568042A453}"
EndProject
Project("{2150E333-8FDC-42A3-9474-1A3956D46DE8}") = "WebApps", "WebApps", "{528AAFCF-E594-40B0-ADD2-0F34CAAF622B}"
EndProject
Project("{FAE04EC0-301F-11D3-BF4B-00C04F79EFBC}") = "Shopping.Web", "WebApps\Shopping.Web\Shopping.Web.csproj", "{C36A7DE1-0F53-46AF-99CD-E3A0E74BAAA1}"
EndProject
Global
	GlobalSection(SolutionConfigurationPlatforms) = preSolution
		Debug|Any CPU = Debug|Any CPU
		Release|Any CPU = Release|Any CPU
	EndGlobalSection
	GlobalSection(ProjectConfigurationPlatforms) = postSolution
		{0F12117C-FE2F-4207-A520-694BC53E34D3}.Debug|Any CPU.ActiveCfg = Debug|Any CPU
		{0F12117C-FE2F-4207-A520-694BC53E34D3}.Debug|Any CPU.Build.0 = Debug|Any CPU
		{0F12117C-FE2F-4207-A520-694BC53E34D3}.Release|Any CPU.ActiveCfg = Release|Any CPU
		{0F12117C-FE2F-4207-A520-694BC53E34D3}.Release|Any CPU.Build.0 = Release|Any CPU
		{12337C76-6BD5-4523-83BE-8B3268BC11D5}.Debug|Any CPU.ActiveCfg = Debug|Any CPU
		{12337C76-6BD5-4523-83BE-8B3268BC11D5}.Debug|Any CPU.Build.0 = Debug|Any CPU
		{12337C76-6BD5-4523-83BE-8B3268BC11D5}.Release|Any CPU.ActiveCfg = Release|Any CPU
		{12337C76-6BD5-4523-83BE-8B3268BC11D5}.Release|Any CPU.Build.0 = Release|Any CPU
		{CF0494D3-0ACB-4027-8D88-06F12E2ED430}.Debug|Any CPU.ActiveCfg = Debug|Any CPU
		{CF0494D3-0ACB-4027-8D88-06F12E2ED430}.Debug|Any CPU.Build.0 = Debug|Any CPU
		{CF0494D3-0ACB-4027-8D88-06F12E2ED430}.Release|Any CPU.ActiveCfg = Release|Any CPU
		{CF0494D3-0ACB-4027-8D88-06F12E2ED430}.Release|Any CPU.Build.0 = Release|Any CPU
		{C73C64CC-2C96-41D8-AE8C-A3438A152F6E}.Debug|Any CPU.ActiveCfg = Debug|Any CPU
		{C73C64CC-2C96-41D8-AE8C-A3438A152F6E}.Debug|Any CPU.Build.0 = Debug|Any CPU
		{C73C64CC-2C96-41D8-AE8C-A3438A152F6E}.Release|Any CPU.ActiveCfg = Release|Any CPU
		{C73C64CC-2C96-41D8-AE8C-A3438A152F6E}.Release|Any CPU.Build.0 = Release|Any CPU
		{6D1AED97-0799-4BFD-AEA5-46F62ECBF2E9}.Debug|Any CPU.ActiveCfg = Debug|Any CPU
		{6D1AED97-0799-4BFD-AEA5-46F62ECBF2E9}.Debug|Any CPU.Build.0 = Debug|Any CPU
		{6D1AED97-0799-4BFD-AEA5-46F62ECBF2E9}.Release|Any CPU.ActiveCfg = Release|Any CPU
		{6D1AED97-0799-4BFD-AEA5-46F62ECBF2E9}.Release|Any CPU.Build.0 = Release|Any CPU
		{ADB076C9-17DD-4D64-A772-78DCACF6D623}.Debug|Any CPU.ActiveCfg = Debug|Any CPU
		{ADB076C9-17DD-4D64-A772-78DCACF6D623}.Debug|Any CPU.Build.0 = Debug|Any CPU
		{ADB076C9-17DD-4D64-A772-78DCACF6D623}.Release|Any CPU.ActiveCfg = Release|Any CPU
		{ADB076C9-17DD-4D64-A772-78DCACF6D623}.Release|Any CPU.Build.0 = Release|Any CPU
		{65AA89DA-BC21-4375-9F8E-EEE9C9E48CD4}.Debug|Any CPU.ActiveCfg = Debug|Any CPU
		{65AA89DA-BC21-4375-9F8E-EEE9C9E48CD4}.Debug|Any CPU.Build.0 = Debug|Any CPU
		{65AA89DA-BC21-4375-9F8E-EEE9C9E48CD4}.Release|Any CPU.ActiveCfg = Release|Any CPU
		{65AA89DA-BC21-4375-9F8E-EEE9C9E48CD4}.Release|Any CPU.Build.0 = Release|Any CPU
		{B9A76C37-ECA0-44C3-8B6B-F8A606826F5A}.Debug|Any CPU.ActiveCfg = Debug|Any CPU
		{B9A76C37-ECA0-44C3-8B6B-F8A606826F5A}.Debug|Any CPU.Build.0 = Debug|Any CPU
		{B9A76C37-ECA0-44C3-8B6B-F8A606826F5A}.Release|Any CPU.ActiveCfg = Release|Any CPU
		{B9A76C37-ECA0-44C3-8B6B-F8A606826F5A}.Release|Any CPU.Build.0 = Release|Any CPU
		{BCE0C0D4-94B1-4F80-9246-E1F74566F1DC}.Debug|Any CPU.ActiveCfg = Debug|Any CPU
		{BCE0C0D4-94B1-4F80-9246-E1F74566F1DC}.Debug|Any CPU.Build.0 = Debug|Any CPU
		{BCE0C0D4-94B1-4F80-9246-E1F74566F1DC}.Release|Any CPU.ActiveCfg = Release|Any CPU
		{BCE0C0D4-94B1-4F80-9246-E1F74566F1DC}.Release|Any CPU.Build.0 = Release|Any CPU
		{4533E3D2-84F5-4A17-B639-580DD0D98C4F}.Debug|Any CPU.ActiveCfg = Debug|Any CPU
		{4533E3D2-84F5-4A17-B639-580DD0D98C4F}.Debug|Any CPU.Build.0 = Debug|Any CPU
		{4533E3D2-84F5-4A17-B639-580DD0D98C4F}.Release|Any CPU.ActiveCfg = Release|Any CPU
		{4533E3D2-84F5-4A17-B639-580DD0D98C4F}.Release|Any CPU.Build.0 = Release|Any CPU
		{45C0CDB5-9DE8-4060-B3C9-C3568042A453}.Debug|Any CPU.ActiveCfg = Debug|Any CPU
		{45C0CDB5-9DE8-4060-B3C9-C3568042A453}.Debug|Any CPU.Build.0 = Debug|Any CPU
		{45C0CDB5-9DE8-4060-B3C9-C3568042A453}.Release|Any CPU.ActiveCfg = Release|Any CPU
		{45C0CDB5-9DE8-4060-B3C9-C3568042A453}.Release|Any CPU.Build.0 = Release|Any CPU
		{C36A7DE1-0F53-46AF-99CD-E3A0E74BAAA1}.Debug|Any CPU.ActiveCfg = Debug|Any CPU
		{C36A7DE1-0F53-46AF-99CD-E3A0E74BAAA1}.Debug|Any CPU.Build.0 = Debug|Any CPU
		{C36A7DE1-0F53-46AF-99CD-E3A0E74BAAA1}.Release|Any CPU.ActiveCfg = Release|Any CPU
		{C36A7DE1-0F53-46AF-99CD-E3A0E74BAAA1}.Release|Any CPU.Build.0 = Release|Any CPU
	EndGlobalSection
	GlobalSection(SolutionProperties) = preSolution
		HideSolutionNode = FALSE
	EndGlobalSection
	GlobalSection(NestedProjects) = preSolution
		{AA22DE18-E70B-427D-BC79-AD816E2D1514} = {7C217067-4604-4788-AF35-F126007D3812}
		{0F12117C-FE2F-4207-A520-694BC53E34D3} = {AA22DE18-E70B-427D-BC79-AD816E2D1514}
		{12337C76-6BD5-4523-83BE-8B3268BC11D5} = {640ACD07-2324-431D-AF59-F34A90FB8301}
		{0B832A18-9420-447E-9226-FC31CD0205C4} = {7C217067-4604-4788-AF35-F126007D3812}
		{C73C64CC-2C96-41D8-AE8C-A3438A152F6E} = {0B832A18-9420-447E-9226-FC31CD0205C4}
		{25E9FF37-70AE-473B-80D5-1F2C856EBD0A} = {7C217067-4604-4788-AF35-F126007D3812}
		{6D1AED97-0799-4BFD-AEA5-46F62ECBF2E9} = {25E9FF37-70AE-473B-80D5-1F2C856EBD0A}
		{B9F88793-78E2-4289-B330-0F9AFB2CC8DB} = {7C217067-4604-4788-AF35-F126007D3812}
		{ADB076C9-17DD-4D64-A772-78DCACF6D623} = {B9F88793-78E2-4289-B330-0F9AFB2CC8DB}
		{65AA89DA-BC21-4375-9F8E-EEE9C9E48CD4} = {B9F88793-78E2-4289-B330-0F9AFB2CC8DB}
		{B9A76C37-ECA0-44C3-8B6B-F8A606826F5A} = {B9F88793-78E2-4289-B330-0F9AFB2CC8DB}
		{BCE0C0D4-94B1-4F80-9246-E1F74566F1DC} = {B9F88793-78E2-4289-B330-0F9AFB2CC8DB}
		{4533E3D2-84F5-4A17-B639-580DD0D98C4F} = {640ACD07-2324-431D-AF59-F34A90FB8301}
		{45C0CDB5-9DE8-4060-B3C9-C3568042A453} = {CCFAF884-61BA-4D29-A856-014F8B2C9552}
		{C36A7DE1-0F53-46AF-99CD-E3A0E74BAAA1} = {528AAFCF-E594-40B0-ADD2-0F34CAAF622B}
	EndGlobalSection
EndGlobal
